
Microsoft Visual Studio Solution File, Format Version 12.00
# Visual Studio Version 16
VisualStudioVersion = 16.0.30804.86
MinimumVisualStudioVersion = 10.0.40219.1
Project("{FAE04EC0-301F-11D3-BF4B-00C04F79EFBC}") = "AutoСМК", "AutoСМК\AutoСМК.csproj", "{C842C3DB-9CDC-4DED-B0C7-C98EB94F7EF0}"
EndProject
Global
	GlobalSection(SolutionConfigurationPlatforms) = preSolution
		Debug|Any CPU = Debug|Any CPU
		Release|Any CPU = Release|Any CPU
	EndGlobalSection
	GlobalSection(ProjectConfigurationPlatforms) = postSolution
		{C842C3DB-9CDC-4DED-B0C7-C98EB94F7EF0}.Debug|Any CPU.ActiveCfg = Debug|Any CPU
		{C842C3DB-9CDC-4DED-B0C7-C98EB94F7EF0}.Debug|Any CPU.Build.0 = Debug|Any CPU
		{C842C3DB-9CDC-4DED-B0C7-C98EB94F7EF0}.Release|Any CPU.ActiveCfg = Release|Any CPU
		{C842C3DB-9CDC-4DED-B0C7-C98EB94F7EF0}.Release|Any CPU.Build.0 = Release|Any CPU
	EndGlobalSection
	GlobalSection(SolutionProperties) = preSolution
		HideSolutionNode = FALSE
	EndGlobalSection
	GlobalSection(ExtensibilityGlobals) = postSolution
		SolutionGuid = {07532B8A-4E49-474F-A7F6-11E9B3576179}
	EndGlobalSection
EndGlobal
